
Microsoft Visual Studio Solution File, Format Version 12.00
# Visual Studio 2015
Project("{FAE04EC0-301F-11D3-BF4B-00C04F79EFBC}") = "Racing-Game-Project", "Racing-Game-Project.csproj", "{A0AD34C6-4F68-A700-2185-CD6362AAC169}"
EndProject
Global
	GlobalSection(SolutionConfigurationPlatforms) = preSolution
		Debug|Any CPU = Debug|Any CPU
		Release|Any CPU = Release|Any CPU
	EndGlobalSection
	GlobalSection(ProjectConfigurationPlatforms) = postSolution
		{A0AD34C6-4F68-A700-2185-CD6362AAC169}.Debug|Any CPU.ActiveCfg = Debug|Any CPU
		{A0AD34C6-4F68-A700-2185-CD6362AAC169}.Debug|Any CPU.Build.0 = Debug|Any CPU
		{A0AD34C6-4F68-A700-2185-CD6362AAC169}.Release|Any CPU.ActiveCfg = Release|Any CPU
		{A0AD34C6-4F68-A700-2185-CD6362AAC169}.Release|Any CPU.Build.0 = Release|Any CPU
	EndGlobalSection
	GlobalSection(SolutionProperties) = preSolution
		HideSolutionNode = FALSE
	EndGlobalSection
EndGlobal
